
Microsoft Visual Studio Solution File, Format Version 12.00
# Visual Studio Version 17
VisualStudioVersion = 17.7.34031.279
MinimumVisualStudioVersion = 10.0.40219.1
Project("{FAE04EC0-301F-11D3-BF4B-00C04F79EFBC}") = "OOP_Project", "OOP_Project.csproj", "{B7EF2695-B7EE-44BE-83B2-9FE2A416ED82}"
EndProject
Project("{FAE04EC0-301F-11D3-BF4B-00C04F79EFBC}") = "OOPProjectTestProject", "..\OOPProjectTestProject\OOPProjectTestProject.csproj", "{C12F0DCC-07F7-4566-9424-F6828CAA9CAA}"
EndProject
Global
	GlobalSection(SolutionConfigurationPlatforms) = preSolution
		Debug|Any CPU = Debug|Any CPU
		Release|Any CPU = Release|Any CPU
	EndGlobalSection
	GlobalSection(ProjectConfigurationPlatforms) = postSolution
		{B7EF2695-B7EE-44BE-83B2-9FE2A416ED82}.Debug|Any CPU.ActiveCfg = Debug|Any CPU
		{B7EF2695-B7EE-44BE-83B2-9FE2A416ED82}.Debug|Any CPU.Build.0 = Debug|Any CPU
		{B7EF2695-B7EE-44BE-83B2-9FE2A416ED82}.Release|Any CPU.ActiveCfg = Release|Any CPU
		{B7EF2695-B7EE-44BE-83B2-9FE2A416ED82}.Release|Any CPU.Build.0 = Release|Any CPU
		{C12F0DCC-07F7-4566-9424-F6828CAA9CAA}.Debug|Any CPU.ActiveCfg = Debug|Any CPU
		{C12F0DCC-07F7-4566-9424-F6828CAA9CAA}.Debug|Any CPU.Build.0 = Debug|Any CPU
		{C12F0DCC-07F7-4566-9424-F6828CAA9CAA}.Release|Any CPU.ActiveCfg = Release|Any CPU
		{C12F0DCC-07F7-4566-9424-F6828CAA9CAA}.Release|Any CPU.Build.0 = Release|Any CPU
	EndGlobalSection
	GlobalSection(SolutionProperties) = preSolution
		HideSolutionNode = FALSE
	EndGlobalSection
	GlobalSection(ExtensibilityGlobals) = postSolution
		SolutionGuid = {45C13D33-C6D9-4AC4-9689-7CB718629B55}
	EndGlobalSection
EndGlobal
